// !$*UTF8*$!
{
	archiveVersion = 1;
	classes = {
	};
	objectVersion = 50;
	objects = {

/* Begin PBXBuildFile section */
		0C24459B224AA63F00935367 /* AppDelegate.m in Sources */ = {isa = PBXBuildFile; fileRef = 0C24459A224AA63F00935367 /* AppDelegate.m */; };
		0C24459E224AA63F00935367 /* ViewController.m in Sources */ = {isa = PBXBuildFile; fileRef = 0C24459D224AA63F00935367 /* ViewController.m */; };
		0C2445A3224AA64000935367 /* Assets.xcassets in Resources */ = {isa = PBXBuildFile; fileRef = 0C2445A2224AA64000935367 /* Assets.xcassets */; };
		0C2445A6224AA64000935367 /* LaunchScreen.storyboard in Resources */ = {isa = PBXBuildFile; fileRef = 0C2445A4224AA64000935367 /* LaunchScreen.storyboard */; };
		0C2445A9224AA64000935367 /* main.m in Sources */ = {isa = PBXBuildFile; fileRef = 0C2445A8224AA64000935367 /* main.m */; };
		0C8BD8A3226222F3002A4D25 /* AMXGameTable.m in Sources */ = {isa = PBXBuildFile; fileRef = 0C8BD8A2226222F3002A4D25 /* AMXGameTable.m */; };
		0C8BD8A62262F322002A4D25 /* AMXPaddle.m in Sources */ = {isa = PBXBuildFile; fileRef = 0C8BD8A52262F322002A4D25 /* AMXPaddle.m */; };
		0C8BD8A922636054002A4D25 /* AMXCollisionsDetector.m in Sources */ = {isa = PBXBuildFile; fileRef = 0C8BD8A822636054002A4D25 /* AMXCollisionsDetector.m */; };
		0C8BD8B92264638B002A4D25 /* AMXValues.m in Sources */ = {isa = PBXBuildFile; fileRef = 0C8BD8B82264638B002A4D25 /* AMXValues.m */; };
		0C8BD8C022659F5C002A4D25 /* AMXGameSettingsView.m in Sources */ = {isa = PBXBuildFile; fileRef = 0C8BD8BF22659F5C002A4D25 /* AMXGameSettingsView.m */; };
		0C8BD8C322660085002A4D25 /* AMXTranstions.m in Sources */ = {isa = PBXBuildFile; fileRef = 0C8BD8C222660085002A4D25 /* AMXTranstions.m */; };
		0CE1C1FD2251259E007E84E0 /* AMXBall.m in Sources */ = {isa = PBXBuildFile; fileRef = 0CE1C1FC2251259E007E84E0 /* AMXBall.m */; };
		0CFF90C022670A7900A6C30D /* AMXGameScoreView.m in Sources */ = {isa = PBXBuildFile; fileRef = 0CFF90BF22670A7900A6C30D /* AMXGameScoreView.m */; };
/* End PBXBuildFile section */

/* Begin PBXFileReference section */
		0C244596224AA63F00935367 /* UIViewAnimationsHW.app */ = {isa = PBXFileReference; explicitFileType = wrapper.application; includeInIndex = 0; path = UIViewAnimationsHW.app; sourceTree = BUILT_PRODUCTS_DIR; };
		0C244599224AA63F00935367 /* AppDelegate.h */ = {isa = PBXFileReference; lastKnownFileType = sourcecode.c.h; path = AppDelegate.h; sourceTree = "<group>"; };
		0C24459A224AA63F00935367 /* AppDelegate.m */ = {isa = PBXFileReference; lastKnownFileType = sourcecode.c.objc; path = AppDelegate.m; sourceTree = "<group>"; };
		0C24459C224AA63F00935367 /* ViewController.h */ = {isa = PBXFileReference; lastKnownFileType = sourcecode.c.h; path = ViewController.h; sourceTree = "<group>"; };
		0C24459D224AA63F00935367 /* ViewController.m */ = {isa = PBXFileReference; lastKnownFileType = sourcecode.c.objc; path = ViewController.m; sourceTree = "<group>"; };
		0C2445A2224AA64000935367 /* Assets.xcassets */ = {isa = PBXFileReference; lastKnownFileType = folder.assetcatalog; path = Assets.xcassets; sourceTree = "<group>"; };
		0C2445A5224AA64000935367 /* Base */ = {isa = PBXFileReference; lastKnownFileType = file.storyboard; name = Base; path = Base.lproj/LaunchScreen.storyboard; sourceTree = "<group>"; };
		0C2445A7224AA64000935367 /* Info.plist */ = {isa = PBXFileReference; lastKnownFileType = text.plist.xml; path = Info.plist; sourceTree = "<group>"; };
		0C2445A8224AA64000935367 /* main.m */ = {isa = PBXFileReference; lastKnownFileType = sourcecode.c.objc; path = main.m; sourceTree = "<group>"; };
		0C8BD8A1226222F3002A4D25 /* AMXGameTable.h */ = {isa = PBXFileReference; lastKnownFileType = sourcecode.c.h; path = AMXGameTable.h; sourceTree = "<group>"; };
		0C8BD8A2226222F3002A4D25 /* AMXGameTable.m */ = {isa = PBXFileReference; lastKnownFileType = sourcecode.c.objc; path = AMXGameTable.m; sourceTree = "<group>"; };
		0C8BD8A42262F322002A4D25 /* AMXPaddle.h */ = {isa = PBXFileReference; lastKnownFileType = sourcecode.c.h; path = AMXPaddle.h; sourceTree = "<group>"; };
		0C8BD8A52262F322002A4D25 /* AMXPaddle.m */ = {isa = PBXFileReference; lastKnownFileType = sourcecode.c.objc; path = AMXPaddle.m; sourceTree = "<group>"; };
		0C8BD8A722636054002A4D25 /* AMXCollisionsDetector.h */ = {isa = PBXFileReference; lastKnownFileType = sourcecode.c.h; path = AMXCollisionsDetector.h; sourceTree = "<group>"; };
		0C8BD8A822636054002A4D25 /* AMXCollisionsDetector.m */ = {isa = PBXFileReference; lastKnownFileType = sourcecode.c.objc; path = AMXCollisionsDetector.m; sourceTree = "<group>"; };
		0C8BD8B722646370002A4D25 /* AMXValues.h */ = {isa = PBXFileReference; lastKnownFileType = sourcecode.c.h; path = AMXValues.h; sourceTree = "<group>"; };
		0C8BD8B82264638B002A4D25 /* AMXValues.m */ = {isa = PBXFileReference; lastKnownFileType = sourcecode.c.objc; path = AMXValues.m; sourceTree = "<group>"; };
		0C8BD8BE22659F5C002A4D25 /* AMXGameSettingsView.h */ = {isa = PBXFileReference; lastKnownFileType = sourcecode.c.h; path = AMXGameSettingsView.h; sourceTree = "<group>"; };
		0C8BD8BF22659F5C002A4D25 /* AMXGameSettingsView.m */ = {isa = PBXFileReference; lastKnownFileType = sourcecode.c.objc; path = AMXGameSettingsView.m; sourceTree = "<group>"; };
		0C8BD8C122660085002A4D25 /* AMXTranstions.h */ = {isa = PBXFileReference; lastKnownFileType = sourcecode.c.h; path = AMXTranstions.h; sourceTree = "<group>"; };
		0C8BD8C222660085002A4D25 /* AMXTranstions.m */ = {isa = PBXFileReference; lastKnownFileType = sourcecode.c.objc; path = AMXTranstions.m; sourceTree = "<group>"; };
		0CE1C1FB2251259E007E84E0 /* AMXBall.h */ = {isa = PBXFileReference; lastKnownFileType = sourcecode.c.h; path = AMXBall.h; sourceTree = "<group>"; };
		0CE1C1FC2251259E007E84E0 /* AMXBall.m */ = {isa = PBXFileReference; lastKnownFileType = sourcecode.c.objc; path = AMXBall.m; sourceTree = "<group>"; };
		0CFF90BE22670A7900A6C30D /* AMXGameScoreView.h */ = {isa = PBXFileReference; lastKnownFileType = sourcecode.c.h; path = AMXGameScoreView.h; sourceTree = "<group>"; };
		0CFF90BF22670A7900A6C30D /* AMXGameScoreView.m */ = {isa = PBXFileReference; lastKnownFileType = sourcecode.c.objc; path = AMXGameScoreView.m; sourceTree = "<group>"; };
/* End PBXFileReference section */

/* Begin PBXFrameworksBuildPhase section */
		0C244593224AA63F00935367 /* Frameworks */ = {
			isa = PBXFrameworksBuildPhase;
			buildActionMask = 2147483647;
			files = (
			);
			runOnlyForDeploymentPostprocessing = 0;
		};
/* End PBXFrameworksBuildPhase section */

/* Begin PBXGroup section */
		0C24458D224AA63F00935367 = {
			isa = PBXGroup;
			children = (
				0C244598224AA63F00935367 /* UIViewAnimationsHW */,
				0C244597224AA63F00935367 /* Products */,
			);
			sourceTree = "<group>";
		};
		0C244597224AA63F00935367 /* Products */ = {
			isa = PBXGroup;
			children = (
				0C244596224AA63F00935367 /* UIViewAnimationsHW.app */,
			);
			name = Products;
			sourceTree = "<group>";
		};
		0C244598224AA63F00935367 /* UIViewAnimationsHW */ = {
			isa = PBXGroup;
			children = (
				0CE1C1FA22512546007E84E0 /* PingPong */,
				0C244599224AA63F00935367 /* AppDelegate.h */,
				0C24459A224AA63F00935367 /* AppDelegate.m */,
				0C24459C224AA63F00935367 /* ViewController.h */,
				0C24459D224AA63F00935367 /* ViewController.m */,
				0C2445A2224AA64000935367 /* Assets.xcassets */,
				0C2445A4224AA64000935367 /* LaunchScreen.storyboard */,
				0C2445A7224AA64000935367 /* Info.plist */,
				0C2445A8224AA64000935367 /* main.m */,
			);
			path = UIViewAnimationsHW;
			sourceTree = "<group>";
		};
		0CE1C1FA22512546007E84E0 /* PingPong */ = {
			isa = PBXGroup;
			children = (
				0CE1C1FB2251259E007E84E0 /* AMXBall.h */,
				0CE1C1FC2251259E007E84E0 /* AMXBall.m */,
				0C8BD8A1226222F3002A4D25 /* AMXGameTable.h */,
				0C8BD8A2226222F3002A4D25 /* AMXGameTable.m */,
				0C8BD8A42262F322002A4D25 /* AMXPaddle.h */,
				0C8BD8A52262F322002A4D25 /* AMXPaddle.m */,
				0C8BD8A722636054002A4D25 /* AMXCollisionsDetector.h */,
				0C8BD8A822636054002A4D25 /* AMXCollisionsDetector.m */,
				0C8BD8B722646370002A4D25 /* AMXValues.h */,
				0C8BD8B82264638B002A4D25 /* AMXValues.m */,
				0C8BD8BE22659F5C002A4D25 /* AMXGameSettingsView.h */,
				0C8BD8BF22659F5C002A4D25 /* AMXGameSettingsView.m */,
				0C8BD8C122660085002A4D25 /* AMXTranstions.h */,
				0C8BD8C222660085002A4D25 /* AMXTranstions.m */,
				0CFF90BE22670A7900A6C30D /* AMXGameScoreView.h */,
				0CFF90BF22670A7900A6C30D /* AMXGameScoreView.m */,
			);
			path = PingPong;
			sourceTree = "<group>";
		};
/* End PBXGroup section */

/* Begin PBXNativeTarget section */
		0C244595224AA63F00935367 /* UIViewAnimationsHW */ = {
			isa = PBXNativeTarget;
			buildConfigurationList = 0C2445AC224AA64000935367 /* Build configuration list for PBXNativeTarget "UIViewAnimationsHW" */;
			buildPhases = (
				0C244592224AA63F00935367 /* Sources */,
				0C244593224AA63F00935367 /* Frameworks */,
				0C244594224AA63F00935367 /* Resources */,
			);
			buildRules = (
			);
			dependencies = (
			);
			name = UIViewAnimationsHW;
			productName = UIViewAnimationsHW;
			productReference = 0C244596224AA63F00935367 /* UIViewAnimationsHW.app */;
			productType = "com.apple.product-type.application";
		};
/* End PBXNativeTarget section */

/* Begin PBXProject section */
		0C24458E224AA63F00935367 /* Project object */ = {
			isa = PBXProject;
			attributes = {
				LastUpgradeCheck = 1010;
				ORGANIZATIONNAME = "Maksim Ivanov";
				TargetAttributes = {
					0C244595224AA63F00935367 = {
						CreatedOnToolsVersion = 10.1;
					};
				};
			};
			buildConfigurationList = 0C244591224AA63F00935367 /* Build configuration list for PBXProject "UIViewAnimationsHW" */;
			compatibilityVersion = "Xcode 9.3";
			developmentRegion = en;
			hasScannedForEncodings = 0;
			knownRegions = (
				en,
				Base,
			);
			mainGroup = 0C24458D224AA63F00935367;
			productRefGroup = 0C244597224AA63F00935367 /* Products */;
			projectDirPath = "";
			projectRoot = "";
			targets = (
				0C244595224AA63F00935367 /* UIViewAnimationsHW */,
			);
		};
/* End PBXProject section */

/* Begin PBXResourcesBuildPhase section */
		0C244594224AA63F00935367 /* Resources */ = {
			isa = PBXResourcesBuildPhase;
			buildActionMask = 2147483647;
			files = (
				0C2445A6224AA64000935367 /* LaunchScreen.storyboard in Resources */,
				0C2445A3224AA64000935367 /* Assets.xcassets in Resources */,
			);
			runOnlyForDeploymentPostprocessing = 0;
		};
/* End PBXResourcesBuildPhase section */

/* Begin PBXSourcesBuildPhase section */
		0C244592224AA63F00935367 /* Sources */ = {
			isa = PBXSourcesBuildPhase;
			buildActionMask = 2147483647;
			files = (
				0C8BD8A922636054002A4D25 /* AMXCollisionsDetector.m in Sources */,
				0C8BD8A62262F322002A4D25 /* AMXPaddle.m in Sources */,
				0CE1C1FD2251259E007E84E0 /* AMXBall.m in Sources */,
				0C8BD8A3226222F3002A4D25 /* AMXGameTable.m in Sources */,
				0C8BD8B92264638B002A4D25 /* AMXValues.m in Sources */,
				0C8BD8C322660085002A4D25 /* AMXTranstions.m in Sources */,
				0C24459E224AA63F00935367 /* ViewController.m in Sources */,
				0C2445A9224AA64000935367 /* main.m in Sources */,
				0CFF90C022670A7900A6C30D /* AMXGameScoreView.m in Sources */,
				0C8BD8C022659F5C002A4D25 /* AMXGameSettingsView.m in Sources */,
				0C24459B224AA63F00935367 /* AppDelegate.m in Sources */,
			);
			runOnlyForDeploymentPostprocessing = 0;
		};
/* End PBXSourcesBuildPhase section */

/* Begin PBXVariantGroup section */
		0C2445A4224AA64000935367 /* LaunchScreen.storyboard */ = {
			isa = PBXVariantGroup;
			children = (
				0C2445A5224AA64000935367 /* Base */,
			);
			name = LaunchScreen.storyboard;
			sourceTree = "<group>";
		};
/* End PBXVariantGroup section */

/* Begin XCBuildConfiguration section */
		0C2445AA224AA64000935367 /* Debug */ = {
			isa = XCBuildConfiguration;
			buildSettings = {
				ALWAYS_SEARCH_USER_PATHS = NO;
				CLANG_ANALYZER_NONNULL = YES;
				CLANG_ANALYZER_NUMBER_OBJECT_CONVERSION = YES_AGGRESSIVE;
				CLANG_CXX_LANGUAGE_STANDARD = "gnu++14";
				CLANG_CXX_LIBRARY = "libc++";
				CLANG_ENABLE_MODULES = YES;
				CLANG_ENABLE_OBJC_ARC = YES;
				CLANG_ENABLE_OBJC_WEAK = YES;
				CLANG_WARN_BLOCK_CAPTURE_AUTORELEASING = YES;
				CLANG_WARN_BOOL_CONVERSION = YES;
				CLANG_WARN_COMMA = YES;
				CLANG_WARN_CONSTANT_CONVERSION = YES;
				CLANG_WARN_DEPRECATED_OBJC_IMPLEMENTATIONS = YES;
				CLANG_WARN_DIRECT_OBJC_ISA_USAGE = YES_ERROR;
				CLANG_WARN_DOCUMENTATION_COMMENTS = YES;
				CLANG_WARN_EMPTY_BODY = YES;
				CLANG_WARN_ENUM_CONVERSION = YES;
				CLANG_WARN_INFINITE_RECURSION = YES;
				CLANG_WARN_INT_CONVERSION = YES;
				CLANG_WARN_NON_LITERAL_NULL_CONVERSION = YES;
				CLANG_WARN_OBJC_IMPLICIT_RETAIN_SELF = YES;
				CLANG_WARN_OBJC_LITERAL_CONVERSION = YES;
				CLANG_WARN_OBJC_ROOT_CLASS = YES_ERROR;
				CLANG_WARN_RANGE_LOOP_ANALYSIS = YES;
				CLANG_WARN_STRICT_PROTOTYPES = YES;
				CLANG_WARN_SUSPICIOUS_MOVE = YES;
				CLANG_WARN_UNGUARDED_AVAILABILITY = YES_AGGRESSIVE;
				CLANG_WARN_UNREACHABLE_CODE = YES;
				CLANG_WARN__DUPLICATE_METHOD_MATCH = YES;
				CODE_SIGN_IDENTITY = "iPhone Developer";
				COPY_PHASE_STRIP = NO;
				DEBUG_INFORMATION_FORMAT = dwarf;
				ENABLE_STRICT_OBJC_MSGSEND = YES;
				ENABLE_TESTABILITY = YES;
				GCC_C_LANGUAGE_STANDARD = gnu11;
				GCC_DYNAMIC_NO_PIC = NO;
				GCC_NO_COMMON_BLOCKS = YES;
				GCC_OPTIMIZATION_LEVEL = 0;
				GCC_PREPROCESSOR_DEFINITIONS = (
					"DEBUG=1",
					"$(inherited)",
				);
				GCC_WARN_64_TO_32_BIT_CONVERSION = YES;
				GCC_WARN_ABOUT_RETURN_TYPE = YES_ERROR;
				GCC_WARN_UNDECLARED_SELECTOR = YES;
				GCC_WARN_UNINITIALIZED_AUTOS = YES_AGGRESSIVE;
				GCC_WARN_UNUSED_FUNCTION = YES;
				GCC_WARN_UNUSED_VARIABLE = YES;
				IPHONEOS_DEPLOYMENT_TARGET = 12.1;
				MTL_ENABLE_DEBUG_INFO = INCLUDE_SOURCE;
				MTL_FAST_MATH = YES;
				ONLY_ACTIVE_ARCH = YES;
				SDKROOT = iphoneos;
			};
			name = Debug;
		};
		0C2445AB224AA64000935367 /* Release */ = {
			isa = XCBuildConfiguration;
			buildSettings = {
				ALWAYS_SEARCH_USER_PATHS = NO;
				CLANG_ANALYZER_NONNULL = YES;
				CLANG_ANALYZER_NUMBER_OBJECT_CONVERSION = YES_AGGRESSIVE;
				CLANG_CXX_LANGUAGE_STANDARD = "gnu++14";
				CLANG_CXX_LIBRARY = "libc++";
				CLANG_ENABLE_MODULES = YES;
				CLANG_ENABLE_OBJC_ARC = YES;
				CLANG_ENABLE_OBJC_WEAK = YES;
				CLANG_WARN_BLOCK_CAPTURE_AUTORELEASING = YES;
				CLANG_WARN_BOOL_CONVERSION = YES;
				CLANG_WARN_COMMA = YES;
				CLANG_WARN_CONSTANT_CONVERSION = YES;
				CLANG_WARN_DEPRECATED_OBJC_IMPLEMENTATIONS = YES;
				CLANG_WARN_DIRECT_OBJC_ISA_USAGE = YES_ERROR;
				CLANG_WARN_DOCUMENTATION_COMMENTS = YES;
				CLANG_WARN_EMPTY_BODY = YES;
				CLANG_WARN_ENUM_CONVERSION = YES;
				CLANG_WARN_INFINITE_RECURSION = YES;
				CLANG_WARN_INT_CONVERSION = YES;
				CLANG_WARN_NON_LITERAL_NULL_CONVERSION = YES;
				CLANG_WARN_OBJC_IMPLICIT_RETAIN_SELF = YES;
				CLANG_WARN_OBJC_LITERAL_CONVERSION = YES;
				CLANG_WARN_OBJC_ROOT_CLASS = YES_ERROR;
				CLANG_WARN_RANGE_LOOP_ANALYSIS = YES;
				CLANG_WARN_STRICT_PROTOTYPES = YES;
				CLANG_WARN_SUSPICIOUS_MOVE = YES;
				CLANG_WARN_UNGUARDED_AVAILABILITY = YES_AGGRESSIVE;
				CLANG_WARN_UNREACHABLE_CODE = YES;
				CLANG_WARN__DUPLICATE_METHOD_MATCH = YES;
				CODE_SIGN_IDENTITY = "iPhone Developer";
				COPY_PHASE_STRIP = NO;
				DEBUG_INFORMATION_FORMAT = "dwarf-with-dsym";
				ENABLE_NS_ASSERTIONS = NO;
				ENABLE_STRICT_OBJC_MSGSEND = YES;
				GCC_C_LANGUAGE_STANDARD = gnu11;
				GCC_NO_COMMON_BLOCKS = YES;
				GCC_WARN_64_TO_32_BIT_CONVERSION = YES;
				GCC_WARN_ABOUT_RETURN_TYPE = YES_ERROR;
				GCC_WARN_UNDECLARED_SELECTOR = YES;
				GCC_WARN_UNINITIALIZED_AUTOS = YES_AGGRESSIVE;
				GCC_WARN_UNUSED_FUNCTION = YES;
				GCC_WARN_UNUSED_VARIABLE = YES;
				IPHONEOS_DEPLOYMENT_TARGET = 12.1;
				MTL_ENABLE_DEBUG_INFO = NO;
				MTL_FAST_MATH = YES;
				SDKROOT = iphoneos;
				VALIDATE_PRODUCT = YES;
			};
			name = Release;
		};
		0C2445AD224AA64000935367 /* Debug */ = {
			isa = XCBuildConfiguration;
			buildSettings = {
				ASSETCATALOG_COMPILER_APPICON_NAME = AppIcon;
				CODE_SIGN_STYLE = Automatic;
				INFOPLIST_FILE = UIViewAnimationsHW/Info.plist;
				LD_RUNPATH_SEARCH_PATHS = (
					"$(inherited)",
					"@executable_path/Frameworks",
				);
				PRODUCT_BUNDLE_IDENTIFIER = io.github.maksimn.UIViewAnimationsHW;
				PRODUCT_NAME = "$(TARGET_NAME)";
				TARGETED_DEVICE_FAMILY = "1,2";
			};
			name = Debug;
		};
		0C2445AE224AA64000935367 /* Release */ = {
			isa = XCBuildConfiguration;
			buildSettings = {
				ASSETCATALOG_COMPILER_APPICON_NAME = AppIcon;
				CODE_SIGN_STYLE = Automatic;
				INFOPLIST_FILE = UIViewAnimationsHW/Info.plist;
				LD_RUNPATH_SEARCH_PATHS = (
					"$(inherited)",
					"@executable_path/Frameworks",
				);
				PRODUCT_BUNDLE_IDENTIFIER = io.github.maksimn.UIViewAnimationsHW;
				PRODUCT_NAME = "$(TARGET_NAME)";
				TARGETED_DEVICE_FAMILY = "1,2";
			};
			name = Release;
		};
/* End XCBuildConfiguration section */

/* Begin XCConfigurationList section */
		0C244591224AA63F00935367 /* Build configuration list for PBXProject "UIViewAnimationsHW" */ = {
			isa = XCConfigurationList;
			buildConfigurations = (
				0C2445AA224AA64000935367 /* Debug */,
				0C2445AB224AA64000935367 /* Release */,
			);
			defaultConfigurationIsVisible = 0;
			defaultConfigurationName = Release;
		};
		0C2445AC224AA64000935367 /* Build configuration list for PBXNativeTarget "UIViewAnimationsHW" */ = {
			isa = XCConfigurationList;
			buildConfigurations = (
				0C2445AD224AA64000935367 /* Debug */,
				0C2445AE224AA64000935367 /* Release */,
			);
			defaultConfigurationIsVisible = 0;
			defaultConfigurationName = Release;
		};
/* End XCConfigurationList section */
	};
	rootObject = 0C24458E224AA63F00935367 /* Project object */;
}
